# THIS IS AN AUTOGENERATED FILE. DO NOT EDIT THIS FILE DIRECTLY.
# yarn lockfile v1


"@react-native-firebase/firestore@^19.1.1":
  version "19.1.1"
  resolved "https://registry.yarnpkg.com/@react-native-firebase/firestore/-/firestore-19.1.1.tgz#c216763d155320ae96bd7e87f01479534ba11a93"
  integrity sha512-uWGxa98m+qJVVoQ/ZRg2qz35y2lsB8J4tuV6EqdxcemnFwdTa8aQcHUHkUDr73+DWoMWNdbOlvMhPyjtLG2piQ==
